
Microsoft Visual Studio Solution File, Format Version 12.00
# Visual Studio Version 16
VisualStudioVersion = 16.0.29613.14
MinimumVisualStudioVersion = 10.0.40219.1
Project("{9A19103F-16F7-4668-BE54-9A1E7A4F7556}") = "Lab1", "Lab1\Lab1.csproj", "{5121C57C-F14C-4CDF-9762-DD38CA116422}"
EndProject
Project("{9A19103F-16F7-4668-BE54-9A1E7A4F7556}") = "Lab2", "Lab2\Lab2.csproj", "{FFCCBF47-253E-4340-9311-77CB9F71D14E}"
EndProject
Project("{9A19103F-16F7-4668-BE54-9A1E7A4F7556}") = "Lab3", "Lab3\Lab3.csproj", "{09447F6F-6570-4915-90D2-C0DCA0F838F5}"
EndProject
Project("{FAE04EC0-301F-11D3-BF4B-00C04F79EFBC}") = "Lab5", "Lab5\Lab5.csproj", "{64AAD8FD-5E20-47FC-A2B2-5474D2C714C7}"
EndProject
Global
	GlobalSection(SolutionConfigurationPlatforms) = preSolution
		Debug|Any CPU = Debug|Any CPU
		Release|Any CPU = Release|Any CPU
	EndGlobalSection
	GlobalSection(ProjectConfigurationPlatforms) = postSolution
		{5121C57C-F14C-4CDF-9762-DD38CA116422}.Debug|Any CPU.ActiveCfg = Debug|Any CPU
		{5121C57C-F14C-4CDF-9762-DD38CA116422}.Debug|Any CPU.Build.0 = Debug|Any CPU
		{5121C57C-F14C-4CDF-9762-DD38CA116422}.Release|Any CPU.ActiveCfg = Release|Any CPU
		{5121C57C-F14C-4CDF-9762-DD38CA116422}.Release|Any CPU.Build.0 = Release|Any CPU
		{FFCCBF47-253E-4340-9311-77CB9F71D14E}.Debug|Any CPU.ActiveCfg = Debug|Any CPU
		{FFCCBF47-253E-4340-9311-77CB9F71D14E}.Debug|Any CPU.Build.0 = Debug|Any CPU
		{FFCCBF47-253E-4340-9311-77CB9F71D14E}.Release|Any CPU.ActiveCfg = Release|Any CPU
		{FFCCBF47-253E-4340-9311-77CB9F71D14E}.Release|Any CPU.Build.0 = Release|Any CPU
		{09447F6F-6570-4915-90D2-C0DCA0F838F5}.Debug|Any CPU.ActiveCfg = Debug|Any CPU
		{09447F6F-6570-4915-90D2-C0DCA0F838F5}.Debug|Any CPU.Build.0 = Debug|Any CPU
		{09447F6F-6570-4915-90D2-C0DCA0F838F5}.Release|Any CPU.ActiveCfg = Release|Any CPU
		{09447F6F-6570-4915-90D2-C0DCA0F838F5}.Release|Any CPU.Build.0 = Release|Any CPU
		{64AAD8FD-5E20-47FC-A2B2-5474D2C714C7}.Debug|Any CPU.ActiveCfg = Debug|Any CPU
		{64AAD8FD-5E20-47FC-A2B2-5474D2C714C7}.Debug|Any CPU.Build.0 = Debug|Any CPU
		{64AAD8FD-5E20-47FC-A2B2-5474D2C714C7}.Release|Any CPU.ActiveCfg = Release|Any CPU
		{64AAD8FD-5E20-47FC-A2B2-5474D2C714C7}.Release|Any CPU.Build.0 = Release|Any CPU
	EndGlobalSection
	GlobalSection(SolutionProperties) = preSolution
		HideSolutionNode = FALSE
	EndGlobalSection
	GlobalSection(ExtensibilityGlobals) = postSolution
		SolutionGuid = {073776A8-FD04-42DA-86B2-D0576AA5BD5D}
	EndGlobalSection
EndGlobal
